[root]
name = "configuration"
version = "0.1.0"
dependencies = [
 "lazy_static 0.2.1 (registry+https://github.com/rust-lang/crates.io-index)",
 "toml 0.2.0 (registry+https://github.com/rust-lang/crates.io-index)",
]

[[package]]
name = "lazy_static"
version = "0.2.1"
source = "registry+https://github.com/rust-lang/crates.io-index"

[[package]]
name = "rustc-serialize"
version = "0.3.19"
source = "registry+https://github.com/rust-lang/crates.io-index"

[[package]]
name = "toml"
version = "0.2.0"
source = "registry+https://github.com/rust-lang/crates.io-index"
dependencies = [
 "rustc-serialize 0.3.19 (registry+https://github.com/rust-lang/crates.io-index)",
]

[metadata]
"checksum lazy_static 0.2.1 (registry+https://github.com/rust-lang/crates.io-index)" = "49247ec2a285bb3dcb23cbd9c35193c025e7251bfce77c1d5da97e6362dffe7f"
"checksum rustc-serialize 0.3.19 (registry+https://github.com/rust-lang/crates.io-index)" = "6159e4e6e559c81bd706afe9c8fd68f547d3e851ce12e76b1de7914bab61691b"
"checksum toml 0.2.0 (registry+https://github.com/rust-lang/crates.io-index)" = "a442dfc13508e603c3f763274361db7f79d7469a0e95c411cde53662ab30fc72"
